
Microsoft Visual Studio Solution File, Format Version 12.00
# Visual Studio Version 16
VisualStudioVersion = 16.0.31112.23
MinimumVisualStudioVersion = 10.0.40219.1
Project("{9A19103F-16F7-4668-BE54-9A1E7A4F7556}") = "WoodCalculatorLibrary", "..\WoodCalculatorLibrary\WoodCalculatorLibrary.csproj", "{CD276892-D3E4-42AA-A09C-ACA17B24D293}"
EndProject
Project("{9A19103F-16F7-4668-BE54-9A1E7A4F7556}") = "WoodCalculatorForms", "..\WoodCalculatorForms\WoodCalculatorForms.csproj", "{596EC9CF-8341-49D7-ACE7-027137D0D6FC}"
EndProject
Global
	GlobalSection(SolutionConfigurationPlatforms) = preSolution
		Debug|Any CPU = Debug|Any CPU
		Release|Any CPU = Release|Any CPU
	EndGlobalSection
	GlobalSection(ProjectConfigurationPlatforms) = postSolution
		{CD276892-D3E4-42AA-A09C-ACA17B24D293}.Debug|Any CPU.ActiveCfg = Debug|Any CPU
		{CD276892-D3E4-42AA-A09C-ACA17B24D293}.Debug|Any CPU.Build.0 = Debug|Any CPU
		{CD276892-D3E4-42AA-A09C-ACA17B24D293}.Release|Any CPU.ActiveCfg = Release|Any CPU
		{CD276892-D3E4-42AA-A09C-ACA17B24D293}.Release|Any CPU.Build.0 = Release|Any CPU
		{596EC9CF-8341-49D7-ACE7-027137D0D6FC}.Debug|Any CPU.ActiveCfg = Debug|Any CPU
		{596EC9CF-8341-49D7-ACE7-027137D0D6FC}.Debug|Any CPU.Build.0 = Debug|Any CPU
		{596EC9CF-8341-49D7-ACE7-027137D0D6FC}.Release|Any CPU.ActiveCfg = Release|Any CPU
		{596EC9CF-8341-49D7-ACE7-027137D0D6FC}.Release|Any CPU.Build.0 = Release|Any CPU
	EndGlobalSection
	GlobalSection(SolutionProperties) = preSolution
		HideSolutionNode = FALSE
	EndGlobalSection
	GlobalSection(ExtensibilityGlobals) = postSolution
		SolutionGuid = {93ABAF52-A392-4EA3-9494-9336CB612393}
	EndGlobalSection
EndGlobal
